
Microsoft Visual Studio Solution File, Format Version 12.00
Project("{FAE04EC0-301F-11D3-BF4B-00C04F79EFBC}") = "CiCdTestLibrary", "CiCdTestLibrary\CiCdTestLibrary.csproj", "{F06737A7-D5CF-47B7-9553-7393893903E8}"
EndProject
Project("{FAE04EC0-301F-11D3-BF4B-00C04F79EFBC}") = "CiCdTestLibrary.Tests", "CiCdTestLibrary.Tests\CiCdTestLibrary.Tests.csproj", "{88ACA7EA-2722-4997-9421-E31FC2642937}"
EndProject
Global
	GlobalSection(SolutionConfigurationPlatforms) = preSolution
		Debug|Any CPU = Debug|Any CPU
		Release|Any CPU = Release|Any CPU
	EndGlobalSection
	GlobalSection(ProjectConfigurationPlatforms) = postSolution
		{F06737A7-D5CF-47B7-9553-7393893903E8}.Debug|Any CPU.ActiveCfg = Debug|Any CPU
		{F06737A7-D5CF-47B7-9553-7393893903E8}.Debug|Any CPU.Build.0 = Debug|Any CPU
		{F06737A7-D5CF-47B7-9553-7393893903E8}.Release|Any CPU.ActiveCfg = Release|Any CPU
		{F06737A7-D5CF-47B7-9553-7393893903E8}.Release|Any CPU.Build.0 = Release|Any CPU
		{88ACA7EA-2722-4997-9421-E31FC2642937}.Debug|Any CPU.ActiveCfg = Debug|Any CPU
		{88ACA7EA-2722-4997-9421-E31FC2642937}.Debug|Any CPU.Build.0 = Debug|Any CPU
		{88ACA7EA-2722-4997-9421-E31FC2642937}.Release|Any CPU.ActiveCfg = Release|Any CPU
		{88ACA7EA-2722-4997-9421-E31FC2642937}.Release|Any CPU.Build.0 = Release|Any CPU
	EndGlobalSection
EndGlobal
